{
  "version": 4,
  "terraform_version": "0.14.5",
  "serial": 4,
  "lineage": "bcf202d9-a5c4-ed1d-2b92-549406935dad",
  "outputs": {},
  "resources": [
    {
      "module": "module.ai-lab",
      "mode": "managed",
      "type": "azurerm_cognitive_account",
      "name": "aitexttrans",
      "provider": "provider[\"registry.terraform.io/hashicorp/azurerm\"]",
      "instances": [
        {
          "schema_version": 0,
          "attributes": {
            "endpoint": "https://api.cognitive.microsofttranslator.com/",
            "id": "/subscriptions/94ee73b9-97a6-4427-bb11-64b7135f83d5/resourceGroups/aitrans/providers/Microsoft.CognitiveServices/accounts/aitransmodern-earwig",
            "kind": "TextTranslation",
            "location": "westus2",
            "name": "aitransmodern-earwig",
            "primary_access_key": "33f0c107a0e6417289ee5f344a6398b7",
            "qna_runtime_endpoint": null,
            "resource_group_name": "aitrans",
            "secondary_access_key": "5e0fe7cfcbd14b388df8b81ac1ee1b0f",
            "sku_name": "F0",
            "tags": null,
            "timeouts": null
          },
          "sensitive_attributes": [],
          "private": "eyJlMmJmYjczMC1lY2FhLTExZTYtOGY4OC0zNDM2M2JjN2M0YzAiOnsiY3JlYXRlIjoxODAwMDAwMDAwMDAwLCJkZWxldGUiOjE4MDAwMDAwMDAwMDAsInJlYWQiOjMwMDAwMDAwMDAwMCwidXBkYXRlIjoxODAwMDAwMDAwMDAwfX0=",
          "dependencies": [
            "module.ai-lab.random_pet.ainame"
          ]
        }
      ]
    },
    {
      "module": "module.ai-lab",
      "mode": "managed",
      "type": "azurerm_resource_group",
      "name": "azrg",
      "provider": "provider[\"registry.terraform.io/hashicorp/azurerm\"]",
      "instances": [
        {
          "schema_version": 0,
          "attributes": {
            "id": "/subscriptions/94ee73b9-97a6-4427-bb11-64b7135f83d5/resourceGroups/aitrans",
            "location": "westus2",
            "name": "aitrans",
            "tags": {},
            "timeouts": null
          },
          "sensitive_attributes": [],
          "private": "eyJlMmJmYjczMC1lY2FhLTExZTYtOGY4OC0zNDM2M2JjN2M0YzAiOnsiY3JlYXRlIjo1NDAwMDAwMDAwMDAwLCJkZWxldGUiOjU0MDAwMDAwMDAwMDAsInJlYWQiOjMwMDAwMDAwMDAwMCwidXBkYXRlIjo1NDAwMDAwMDAwMDAwfX0="
        }
      ]
    },
    {
      "module": "module.ai-lab",
      "mode": "managed",
      "type": "random_pet",
      "name": "ainame",
      "provider": "provider[\"registry.terraform.io/hashicorp/random\"]",
      "instances": [
        {
          "schema_version": 0,
          "attributes": {
            "id": "modern-earwig",
            "keepers": null,
            "length": 2,
            "prefix": null,
            "separator": "-"
          },
          "sensitive_attributes": [],
          "private": "bnVsbA=="
        }
      ]
    }
  ]
}
