{
  "version": 4,
  "terraform_version": "0.14.5",
  "serial": 6,
  "lineage": "bcf202d9-a5c4-ed1d-2b92-549406935dad",
  "outputs": {},
  "resources": [
    {
      "module": "module.ai-lab",
      "mode": "managed",
      "type": "azurerm_resource_group",
      "name": "azrg",
      "provider": "provider[\"registry.terraform.io/hashicorp/azurerm\"]",
      "instances": [
        {
          "schema_version": 0,
          "attributes": {
            "id": "/subscriptions/94ee73b9-97a6-4427-bb11-64b7135f83d5/resourceGroups/aitrans",
            "location": "westus2",
            "name": "aitrans",
            "tags": {},
            "timeouts": null
          },
          "sensitive_attributes": [],
          "private": "eyJlMmJmYjczMC1lY2FhLTExZTYtOGY4OC0zNDM2M2JjN2M0YzAiOnsiY3JlYXRlIjo1NDAwMDAwMDAwMDAwLCJkZWxldGUiOjU0MDAwMDAwMDAwMDAsInJlYWQiOjMwMDAwMDAwMDAwMCwidXBkYXRlIjo1NDAwMDAwMDAwMDAwfX0="
        }
      ]
    }
  ]
}
